Microsoft Visual Studio Solution File, Format Version 12.00
# Visual Studio 2012
Project("{FAE04EC0-301F-11D3-BF4B-00C04F79EFBC}") = "oce_game_jam_3", "oce_game_jam_3.csproj", "{F09BFDD1-628A-4A70-B12C-5243384CCDB7}"
EndProject
Global
	GlobalSection(SolutionConfigurationPlatforms) = preSolution
	Debug|Any CPU = Debug|Any CPU
	ExportDebug|Any CPU = ExportDebug|Any CPU
	ExportRelease|Any CPU = ExportRelease|Any CPU
	EndGlobalSection
	GlobalSection(ProjectConfigurationPlatforms) = postSolution
		{F09BFDD1-628A-4A70-B12C-5243384CCDB7}.Debug|Any CPU.ActiveCfg = Debug|Any CPU
		{F09BFDD1-628A-4A70-B12C-5243384CCDB7}.Debug|Any CPU.Build.0 = Debug|Any CPU
		{F09BFDD1-628A-4A70-B12C-5243384CCDB7}.ExportDebug|Any CPU.ActiveCfg = ExportDebug|Any CPU
		{F09BFDD1-628A-4A70-B12C-5243384CCDB7}.ExportDebug|Any CPU.Build.0 = ExportDebug|Any CPU
		{F09BFDD1-628A-4A70-B12C-5243384CCDB7}.ExportRelease|Any CPU.ActiveCfg = ExportRelease|Any CPU
		{F09BFDD1-628A-4A70-B12C-5243384CCDB7}.ExportRelease|Any CPU.Build.0 = ExportRelease|Any CPU
	EndGlobalSection
EndGlobal
